
Microsoft Visual Studio Solution File, Format Version 12.00
# Visual Studio Version 17
VisualStudioVersion = 17.4.33103.184
MinimumVisualStudioVersion = 10.0.40219.1
Project("{FAE04EC0-301F-11D3-BF4B-00C04F79EFBC}") = "RichEnum", "RichEnum\RichEnum.csproj", "{7462519C-6EF8-4058-BB17-134CD245E94A}"
EndProject
Global
	GlobalSection(SolutionConfigurationPlatforms) = preSolution
		Debug|Any CPU = Debug|Any CPU
		Release|Any CPU = Release|Any CPU
	EndGlobalSection
	GlobalSection(ProjectConfigurationPlatforms) = postSolution
		{7462519C-6EF8-4058-BB17-134CD245E94A}.Debug|Any CPU.ActiveCfg = Debug|Any CPU
		{7462519C-6EF8-4058-BB17-134CD245E94A}.Debug|Any CPU.Build.0 = Debug|Any CPU
		{7462519C-6EF8-4058-BB17-134CD245E94A}.Release|Any CPU.ActiveCfg = Release|Any CPU
		{7462519C-6EF8-4058-BB17-134CD245E94A}.Release|Any CPU.Build.0 = Release|Any CPU
	EndGlobalSection
	GlobalSection(SolutionProperties) = preSolution
		HideSolutionNode = FALSE
	EndGlobalSection
	GlobalSection(ExtensibilityGlobals) = postSolution
		SolutionGuid = {CFB02A91-D75B-4690-B814-571943EA893E}
	EndGlobalSection
EndGlobal
